
Microsoft Visual Studio Solution File, Format Version 12.00
# Visual Studio Version 16
VisualStudioVersion = 16.0.32413.511
MinimumVisualStudioVersion = 10.0.40219.1
Project("{FAE04EC0-301F-11D3-BF4B-00C04F79EFBC}") = "NDPodev", "NDPodev\NDPodev.csproj", "{8A49D3D7-217F-44BD-83B3-A0111DF5B60A}"
EndProject
Global
	GlobalSection(SolutionConfigurationPlatforms) = preSolution
		Debug|Any CPU = Debug|Any CPU
		Release|Any CPU = Release|Any CPU
	EndGlobalSection
	GlobalSection(ProjectConfigurationPlatforms) = postSolution
		{8A49D3D7-217F-44BD-83B3-A0111DF5B60A}.Debug|Any CPU.ActiveCfg = Debug|Any CPU
		{8A49D3D7-217F-44BD-83B3-A0111DF5B60A}.Debug|Any CPU.Build.0 = Debug|Any CPU
		{8A49D3D7-217F-44BD-83B3-A0111DF5B60A}.Release|Any CPU.ActiveCfg = Release|Any CPU
		{8A49D3D7-217F-44BD-83B3-A0111DF5B60A}.Release|Any CPU.Build.0 = Release|Any CPU
	EndGlobalSection
	GlobalSection(SolutionProperties) = preSolution
		HideSolutionNode = FALSE
	EndGlobalSection
	GlobalSection(ExtensibilityGlobals) = postSolution
		SolutionGuid = {43C60A04-6E26-4382-B6AF-827F71832725}
	EndGlobalSection
EndGlobal
